
Microsoft Visual Studio Solution File, Format Version 12.00
# Visual Studio Version 17
VisualStudioVersion = 17.11.35327.3
MinimumVisualStudioVersion = 10.0.40219.1
Project("{2150E333-8FDC-42A3-9474-1A3956D46DE8}") = "Task0", "Task0", "{EE4D2A61-4BA5-4A3A-84A5-0E81F8DDD08F}"
EndProject
Project("{FAE04EC0-301F-11D3-BF4B-00C04F79EFBC}") = "Tyuiu.KonstantinovaJN.Sprint0.Task0.V0", "Tyuiu.KonstantinovaJN.Sprint0.Task0.V0\Tyuiu.KonstantinovaJN.Sprint0.Task0.V0.csproj", "{577BDD21-8370-43D1-9E71-24273D29C881}"
EndProject
Project("{2150E333-8FDC-42A3-9474-1A3956D46DE8}") = "Task1", "Task1", "{35FBF7FE-957A-4BD7-B2F3-A95BA2A75D52}"
EndProject
Project("{FAE04EC0-301F-11D3-BF4B-00C04F79EFBC}") = "Tyuiu.KonstantinovaJN.Sprint0.Task1.V0", "Tyuiu.KonstantinovaJN.Sprint0.Task1.V0\Tyuiu.KonstantinovaJN.Sprint0.Task1.V0.csproj", "{86BE0741-E7C5-4768-9516-C01E17ADCBA3}"
EndProject
Project("{2150E333-8FDC-42A3-9474-1A3956D46DE8}") = "Task2", "Task2", "{ECED4D6B-38CB-40D6-8B31-5BD5CAFEBA63}"
EndProject
Project("{FAE04EC0-301F-11D3-BF4B-00C04F79EFBC}") = "Tyuiu.KonstantinovaJN.Sprint0.Task2.V0", "Tyuiu.KonstantinovaJN.Sprint0.Task2.V0\Tyuiu.KonstantinovaJN.Sprint0.Task2.V0.csproj", "{EAB67274-34A5-42DD-88FB-41AE0587D0FC}"
EndProject
Project("{FAE04EC0-301F-11D3-BF4B-00C04F79EFBC}") = "Tyuiu.KonstantinovaJN.Sprint0.Task2.V0.Lib", "Tyuiu.KonstantinovaJN.Sprint0.Task2.V0.Lib\Tyuiu.KonstantinovaJN.Sprint0.Task2.V0.Lib.csproj", "{DE05B2B1-F551-4BCE-9D97-DE542C5F6127}"
EndProject
Project("{FAE04EC0-301F-11D3-BF4B-00C04F79EFBC}") = "Tyuiu.KonstantinovaJN.Sprint0.Task2.V0.Test", "Tyuiu.KonstantinovaJN.Sprint0.Task2.V0.Test\Tyuiu.KonstantinovaJN.Sprint0.Task2.V0.Test.csproj", "{7BC7889C-DB35-4F91-BECE-E4FBEA8B77C4}"
EndProject
Project("{2150E333-8FDC-42A3-9474-1A3956D46DE8}") = "Task3", "Task3", "{23F5A8B8-5617-4962-B369-2864D863D6E1}"
EndProject
Project("{FAE04EC0-301F-11D3-BF4B-00C04F79EFBC}") = "Tyuiu.KonstantinovaJN.Sprint0.Task3.V0.Test", "Tyuiu.KonstantinovaJN.Sprint0.Task3.V0.Test\Tyuiu.KonstantinovaJN.Sprint0.Task3.V0.Test.csproj", "{C537C013-C3B9-4910-A892-E5EE1735DE59}"
EndProject
Project("{FAE04EC0-301F-11D3-BF4B-00C04F79EFBC}") = "Tyuiu.KonstantinovaJN.Sprint0.Task3.V0.Lib", "Tyuiu.KonstantinovaJN.Sprint0.Task3.V0.Lib\Tyuiu.KonstantinovaJN.Sprint0.Task3.V0.Lib.csproj", "{6ED863DC-1D22-4D6C-8E53-255BB9C51339}"
EndProject
Project("{FAE04EC0-301F-11D3-BF4B-00C04F79EFBC}") = "Tyuiu.KonstantinovaJN.Sprint0.Task3.V0", "Tyuiu.KonstantinovaJN.Sprint0.Task3.V0\Tyuiu.KonstantinovaJN.Sprint0.Task3.V0.csproj", "{C4275697-E7EE-45B0-9500-8EC1E0C99935}"
EndProject
Project("{2150E333-8FDC-42A3-9474-1A3956D46DE8}") = "Task4", "Task4", "{4DD3E5A0-28F7-4458-8B51-A7487F158AD0}"
EndProject
Project("{FAE04EC0-301F-11D3-BF4B-00C04F79EFBC}") = "Tyuiu.KonstantinovaJN.Sprint0.Task4.V0", "Tyuiu.KonstantinovaJN.Sprint0.Task4.V0\Tyuiu.KonstantinovaJN.Sprint0.Task4.V0.csproj", "{35C1BF5C-CCAE-4486-8F7C-50D45669BCA4}"
EndProject
Project("{FAE04EC0-301F-11D3-BF4B-00C04F79EFBC}") = "Tyuiu.KonstantinovaJN.Sprint0.Task4.V0.Lib", "Tyuiu.KonstantinovaJN.Sprint0.Task4.V0.Lib\Tyuiu.KonstantinovaJN.Sprint0.Task4.V0.Lib.csproj", "{B43AE656-8679-4530-B96A-4712AD65BC26}"
EndProject
Project("{FAE04EC0-301F-11D3-BF4B-00C04F79EFBC}") = "Tyuiu.KonstantinovaJN.Sprint0.Task4.V0.Test", "Tyuiu.KonstantinovaJN.Sprint0.Task4.V0.Test\Tyuiu.KonstantinovaJN.Sprint0.Task4.V0.Test.csproj", "{F55088E3-8668-40B7-97EC-C789DD83E84E}"
EndProject
Project("{2150E333-8FDC-42A3-9474-1A3956D46DE8}") = "Task5", "Task5", "{A5E36FBD-9948-4432-85E4-467ED7BD6461}"
EndProject
Project("{FAE04EC0-301F-11D3-BF4B-00C04F79EFBC}") = "Tyuiu.KonstantinovaJN.Sprint0.Task5.V0.Test", "Tyuiu.KonstantinovaJN.Sprint0.Task5.V0.Test\Tyuiu.KonstantinovaJN.Sprint0.Task5.V0.Test.csproj", "{80CEB4C5-AF9B-49EB-B2DA-FC9E1BF64D6D}"
EndProject
Project("{FAE04EC0-301F-11D3-BF4B-00C04F79EFBC}") = "Tyuiu.KonstantinovaJN.Sprint0.Task5.V0.Lib", "Tyuiu.KonstantinovaJN.Sprint0.Task5.V0.Lib\Tyuiu.KonstantinovaJN.Sprint0.Task5.V0.Lib.csproj", "{F4E3CBB9-43BD-4E91-B28C-7EDAF5B6AF80}"
EndProject
Project("{FAE04EC0-301F-11D3-BF4B-00C04F79EFBC}") = "Tyuiu.KonstantinovaJN.Sprint0.Task5.V0", "Tyuiu.KonstantinovaJN.Sprint0.Task5.V0\Tyuiu.KonstantinovaJN.Sprint0.Task5.V0.csproj", "{752F9190-7115-4C51-A191-A313CF6DF74C}"
EndProject
Project("{2150E333-8FDC-42A3-9474-1A3956D46DE8}") = "Task6", "Task6", "{FBE1B7DA-4AF1-410E-BDF0-6898BF9EF93A}"
EndProject
Project("{FAE04EC0-301F-11D3-BF4B-00C04F79EFBC}") = "Tyuiu.KonstantinovaJN.Sprint0.Task6.V0", "Tyuiu.KonstantinovaJN.Sprint0.Task6.V0\Tyuiu.KonstantinovaJN.Sprint0.Task6.V0.csproj", "{715FA64E-6B56-4A18-A3C7-DB827508C110}"
EndProject
Project("{FAE04EC0-301F-11D3-BF4B-00C04F79EFBC}") = "Tyuiu.KonstantinovaJN.Sprint0.Task6.V0.Lib", "Tyuiu.KonstantinovaJN.Sprint0.Task6.V0.Lib\Tyuiu.KonstantinovaJN.Sprint0.Task6.V0.Lib.csproj", "{70FC0657-A46D-493C-8374-98F5927330E3}"
EndProject
Project("{FAE04EC0-301F-11D3-BF4B-00C04F79EFBC}") = "Tyuiu.KonstantinovaJN.Sprint0.Task6.V0.Test", "Tyuiu.KonstantinovaJN.Sprint0.Task6.V0.Test\Tyuiu.KonstantinovaJN.Sprint0.Task6.V0.Test.csproj", "{8D02D81E-893F-4B79-98A4-73295547373B}"
EndProject
Project("{2150E333-8FDC-42A3-9474-1A3956D46DE8}") = "Task7", "Task7", "{92A70C4A-A67B-45C7-94AF-86F2CAB83B62}"
EndProject
Project("{FAE04EC0-301F-11D3-BF4B-00C04F79EFBC}") = "Tyuiu.KonstantinovaJN.Sprint0.Task7.V0.Test", "Tyuiu.KonstantinovaJN.Sprint0.Task7.V0.Test\Tyuiu.KonstantinovaJN.Sprint0.Task7.V0.Test.csproj", "{DE513E82-C99B-4AA5-91A5-D518024467D5}"
EndProject
Project("{FAE04EC0-301F-11D3-BF4B-00C04F79EFBC}") = "Tyuiu.KonstantinovaJN.Sprint0.Task7.V0.Lib", "Tyuiu.KonstantinovaJN.Sprint0.Task7.V0.Lib\Tyuiu.KonstantinovaJN.Sprint0.Task7.V0.Lib.csproj", "{336EB958-3A81-463E-BB61-A6241B1BAE6F}"
EndProject
Project("{FAE04EC0-301F-11D3-BF4B-00C04F79EFBC}") = "Tyuiu.KonstantinovaJN.Sprint0.Task7.V0", "Tyuiu.KonstantinovaJN.Sprint0.Task7.V0\Tyuiu.KonstantinovaJN.Sprint0.Task7.V0.csproj", "{90F82510-777E-48AC-AEF2-D377A09448B5}"
EndProject
Global
	GlobalSection(SolutionConfigurationPlatforms) = preSolution
		Debug|Any CPU = Debug|Any CPU
		Release|Any CPU = Release|Any CPU
	EndGlobalSection
	GlobalSection(ProjectConfigurationPlatforms) = postSolution
		{577BDD21-8370-43D1-9E71-24273D29C881}.Debug|Any CPU.ActiveCfg = Debug|Any CPU
		{577BDD21-8370-43D1-9E71-24273D29C881}.Debug|Any CPU.Build.0 = Debug|Any CPU
		{577BDD21-8370-43D1-9E71-24273D29C881}.Release|Any CPU.ActiveCfg = Release|Any CPU
		{577BDD21-8370-43D1-9E71-24273D29C881}.Release|Any CPU.Build.0 = Release|Any CPU
		{86BE0741-E7C5-4768-9516-C01E17ADCBA3}.Debug|Any CPU.ActiveCfg = Debug|Any CPU
		{86BE0741-E7C5-4768-9516-C01E17ADCBA3}.Debug|Any CPU.Build.0 = Debug|Any CPU
		{86BE0741-E7C5-4768-9516-C01E17ADCBA3}.Release|Any CPU.ActiveCfg = Release|Any CPU
		{86BE0741-E7C5-4768-9516-C01E17ADCBA3}.Release|Any CPU.Build.0 = Release|Any CPU
		{EAB67274-34A5-42DD-88FB-41AE0587D0FC}.Debug|Any CPU.ActiveCfg = Debug|Any CPU
		{EAB67274-34A5-42DD-88FB-41AE0587D0FC}.Debug|Any CPU.Build.0 = Debug|Any CPU
		{EAB67274-34A5-42DD-88FB-41AE0587D0FC}.Release|Any CPU.ActiveCfg = Release|Any CPU
		{EAB67274-34A5-42DD-88FB-41AE0587D0FC}.Release|Any CPU.Build.0 = Release|Any CPU
		{DE05B2B1-F551-4BCE-9D97-DE542C5F6127}.Debug|Any CPU.ActiveCfg = Debug|Any CPU
		{DE05B2B1-F551-4BCE-9D97-DE542C5F6127}.Debug|Any CPU.Build.0 = Debug|Any CPU
		{DE05B2B1-F551-4BCE-9D97-DE542C5F6127}.Release|Any CPU.ActiveCfg = Release|Any CPU
		{DE05B2B1-F551-4BCE-9D97-DE542C5F6127}.Release|Any CPU.Build.0 = Release|Any CPU
		{7BC7889C-DB35-4F91-BECE-E4FBEA8B77C4}.Debug|Any CPU.ActiveCfg = Debug|Any CPU
		{7BC7889C-DB35-4F91-BECE-E4FBEA8B77C4}.Debug|Any CPU.Build.0 = Debug|Any CPU
		{7BC7889C-DB35-4F91-BECE-E4FBEA8B77C4}.Release|Any CPU.ActiveCfg = Release|Any CPU
		{7BC7889C-DB35-4F91-BECE-E4FBEA8B77C4}.Release|Any CPU.Build.0 = Release|Any CPU
		{C537C013-C3B9-4910-A892-E5EE1735DE59}.Debug|Any CPU.ActiveCfg = Debug|Any CPU
		{C537C013-C3B9-4910-A892-E5EE1735DE59}.Debug|Any CPU.Build.0 = Debug|Any CPU
		{C537C013-C3B9-4910-A892-E5EE1735DE59}.Release|Any CPU.ActiveCfg = Release|Any CPU
		{C537C013-C3B9-4910-A892-E5EE1735DE59}.Release|Any CPU.Build.0 = Release|Any CPU
		{6ED863DC-1D22-4D6C-8E53-255BB9C51339}.Debug|Any CPU.ActiveCfg = Debug|Any CPU
		{6ED863DC-1D22-4D6C-8E53-255BB9C51339}.Debug|Any CPU.Build.0 = Debug|Any CPU
		{6ED863DC-1D22-4D6C-8E53-255BB9C51339}.Release|Any CPU.ActiveCfg = Release|Any CPU
		{6ED863DC-1D22-4D6C-8E53-255BB9C51339}.Release|Any CPU.Build.0 = Release|Any CPU
		{C4275697-E7EE-45B0-9500-8EC1E0C99935}.Debug|Any CPU.ActiveCfg = Debug|Any CPU
		{C4275697-E7EE-45B0-9500-8EC1E0C99935}.Debug|Any CPU.Build.0 = Debug|Any CPU
		{C4275697-E7EE-45B0-9500-8EC1E0C99935}.Release|Any CPU.ActiveCfg = Release|Any CPU
		{C4275697-E7EE-45B0-9500-8EC1E0C99935}.Release|Any CPU.Build.0 = Release|Any CPU
		{35C1BF5C-CCAE-4486-8F7C-50D45669BCA4}.Debug|Any CPU.ActiveCfg = Debug|Any CPU
		{35C1BF5C-CCAE-4486-8F7C-50D45669BCA4}.Debug|Any CPU.Build.0 = Debug|Any CPU
		{35C1BF5C-CCAE-4486-8F7C-50D45669BCA4}.Release|Any CPU.ActiveCfg = Release|Any CPU
		{35C1BF5C-CCAE-4486-8F7C-50D45669BCA4}.Release|Any CPU.Build.0 = Release|Any CPU
		{B43AE656-8679-4530-B96A-4712AD65BC26}.Debug|Any CPU.ActiveCfg = Debug|Any CPU
		{B43AE656-8679-4530-B96A-4712AD65BC26}.Debug|Any CPU.Build.0 = Debug|Any CPU
		{B43AE656-8679-4530-B96A-4712AD65BC26}.Release|Any CPU.ActiveCfg = Release|Any CPU
		{B43AE656-8679-4530-B96A-4712AD65BC26}.Release|Any CPU.Build.0 = Release|Any CPU
		{F55088E3-8668-40B7-97EC-C789DD83E84E}.Debug|Any CPU.ActiveCfg = Debug|Any CPU
		{F55088E3-8668-40B7-97EC-C789DD83E84E}.Debug|Any CPU.Build.0 = Debug|Any CPU
		{F55088E3-8668-40B7-97EC-C789DD83E84E}.Release|Any CPU.ActiveCfg = Release|Any CPU
		{F55088E3-8668-40B7-97EC-C789DD83E84E}.Release|Any CPU.Build.0 = Release|Any CPU
		{80CEB4C5-AF9B-49EB-B2DA-FC9E1BF64D6D}.Debug|Any CPU.ActiveCfg = Debug|Any CPU
		{80CEB4C5-AF9B-49EB-B2DA-FC9E1BF64D6D}.Debug|Any CPU.Build.0 = Debug|Any CPU
		{80CEB4C5-AF9B-49EB-B2DA-FC9E1BF64D6D}.Release|Any CPU.ActiveCfg = Release|Any CPU
		{80CEB4C5-AF9B-49EB-B2DA-FC9E1BF64D6D}.Release|Any CPU.Build.0 = Release|Any CPU
		{F4E3CBB9-43BD-4E91-B28C-7EDAF5B6AF80}.Debug|Any CPU.ActiveCfg = Debug|Any CPU
		{F4E3CBB9-43BD-4E91-B28C-7EDAF5B6AF80}.Debug|Any CPU.Build.0 = Debug|Any CPU
		{F4E3CBB9-43BD-4E91-B28C-7EDAF5B6AF80}.Release|Any CPU.ActiveCfg = Release|Any CPU
		{F4E3CBB9-43BD-4E91-B28C-7EDAF5B6AF80}.Release|Any CPU.Build.0 = Release|Any CPU
		{752F9190-7115-4C51-A191-A313CF6DF74C}.Debug|Any CPU.ActiveCfg = Debug|Any CPU
		{752F9190-7115-4C51-A191-A313CF6DF74C}.Debug|Any CPU.Build.0 = Debug|Any CPU
		{752F9190-7115-4C51-A191-A313CF6DF74C}.Release|Any CPU.ActiveCfg = Release|Any CPU
		{752F9190-7115-4C51-A191-A313CF6DF74C}.Release|Any CPU.Build.0 = Release|Any CPU
		{715FA64E-6B56-4A18-A3C7-DB827508C110}.Debug|Any CPU.ActiveCfg = Debug|Any CPU
		{715FA64E-6B56-4A18-A3C7-DB827508C110}.Debug|Any CPU.Build.0 = Debug|Any CPU
		{715FA64E-6B56-4A18-A3C7-DB827508C110}.Release|Any CPU.ActiveCfg = Release|Any CPU
		{715FA64E-6B56-4A18-A3C7-DB827508C110}.Release|Any CPU.Build.0 = Release|Any CPU
		{70FC0657-A46D-493C-8374-98F5927330E3}.Debug|Any CPU.ActiveCfg = Debug|Any CPU
		{70FC0657-A46D-493C-8374-98F5927330E3}.Debug|Any CPU.Build.0 = Debug|Any CPU
		{70FC0657-A46D-493C-8374-98F5927330E3}.Release|Any CPU.ActiveCfg = Release|Any CPU
		{70FC0657-A46D-493C-8374-98F5927330E3}.Release|Any CPU.Build.0 = Release|Any CPU
		{8D02D81E-893F-4B79-98A4-73295547373B}.Debug|Any CPU.ActiveCfg = Debug|Any CPU
		{8D02D81E-893F-4B79-98A4-73295547373B}.Debug|Any CPU.Build.0 = Debug|Any CPU
		{8D02D81E-893F-4B79-98A4-73295547373B}.Release|Any CPU.ActiveCfg = Release|Any CPU
		{8D02D81E-893F-4B79-98A4-73295547373B}.Release|Any CPU.Build.0 = Release|Any CPU
		{DE513E82-C99B-4AA5-91A5-D518024467D5}.Debug|Any CPU.ActiveCfg = Debug|Any CPU
		{DE513E82-C99B-4AA5-91A5-D518024467D5}.Debug|Any CPU.Build.0 = Debug|Any CPU
		{DE513E82-C99B-4AA5-91A5-D518024467D5}.Release|Any CPU.ActiveCfg = Release|Any CPU
		{DE513E82-C99B-4AA5-91A5-D518024467D5}.Release|Any CPU.Build.0 = Release|Any CPU
		{336EB958-3A81-463E-BB61-A6241B1BAE6F}.Debug|Any CPU.ActiveCfg = Debug|Any CPU
		{336EB958-3A81-463E-BB61-A6241B1BAE6F}.Debug|Any CPU.Build.0 = Debug|Any CPU
		{336EB958-3A81-463E-BB61-A6241B1BAE6F}.Release|Any CPU.ActiveCfg = Release|Any CPU
		{336EB958-3A81-463E-BB61-A6241B1BAE6F}.Release|Any CPU.Build.0 = Release|Any CPU
		{90F82510-777E-48AC-AEF2-D377A09448B5}.Debug|Any CPU.ActiveCfg = Debug|Any CPU
		{90F82510-777E-48AC-AEF2-D377A09448B5}.Debug|Any CPU.Build.0 = Debug|Any CPU
		{90F82510-777E-48AC-AEF2-D377A09448B5}.Release|Any CPU.ActiveCfg = Release|Any CPU
		{90F82510-777E-48AC-AEF2-D377A09448B5}.Release|Any CPU.Build.0 = Release|Any CPU
	EndGlobalSection
	GlobalSection(SolutionProperties) = preSolution
		HideSolutionNode = FALSE
	EndGlobalSection
	GlobalSection(NestedProjects) = preSolution
		{577BDD21-8370-43D1-9E71-24273D29C881} = {EE4D2A61-4BA5-4A3A-84A5-0E81F8DDD08F}
		{86BE0741-E7C5-4768-9516-C01E17ADCBA3} = {35FBF7FE-957A-4BD7-B2F3-A95BA2A75D52}
		{EAB67274-34A5-42DD-88FB-41AE0587D0FC} = {ECED4D6B-38CB-40D6-8B31-5BD5CAFEBA63}
		{DE05B2B1-F551-4BCE-9D97-DE542C5F6127} = {ECED4D6B-38CB-40D6-8B31-5BD5CAFEBA63}
		{7BC7889C-DB35-4F91-BECE-E4FBEA8B77C4} = {ECED4D6B-38CB-40D6-8B31-5BD5CAFEBA63}
		{C537C013-C3B9-4910-A892-E5EE1735DE59} = {23F5A8B8-5617-4962-B369-2864D863D6E1}
		{6ED863DC-1D22-4D6C-8E53-255BB9C51339} = {23F5A8B8-5617-4962-B369-2864D863D6E1}
		{C4275697-E7EE-45B0-9500-8EC1E0C99935} = {23F5A8B8-5617-4962-B369-2864D863D6E1}
		{35C1BF5C-CCAE-4486-8F7C-50D45669BCA4} = {4DD3E5A0-28F7-4458-8B51-A7487F158AD0}
		{B43AE656-8679-4530-B96A-4712AD65BC26} = {4DD3E5A0-28F7-4458-8B51-A7487F158AD0}
		{F55088E3-8668-40B7-97EC-C789DD83E84E} = {4DD3E5A0-28F7-4458-8B51-A7487F158AD0}
		{80CEB4C5-AF9B-49EB-B2DA-FC9E1BF64D6D} = {A5E36FBD-9948-4432-85E4-467ED7BD6461}
		{F4E3CBB9-43BD-4E91-B28C-7EDAF5B6AF80} = {A5E36FBD-9948-4432-85E4-467ED7BD6461}
		{752F9190-7115-4C51-A191-A313CF6DF74C} = {A5E36FBD-9948-4432-85E4-467ED7BD6461}
		{715FA64E-6B56-4A18-A3C7-DB827508C110} = {FBE1B7DA-4AF1-410E-BDF0-6898BF9EF93A}
		{70FC0657-A46D-493C-8374-98F5927330E3} = {FBE1B7DA-4AF1-410E-BDF0-6898BF9EF93A}
		{8D02D81E-893F-4B79-98A4-73295547373B} = {FBE1B7DA-4AF1-410E-BDF0-6898BF9EF93A}
		{DE513E82-C99B-4AA5-91A5-D518024467D5} = {92A70C4A-A67B-45C7-94AF-86F2CAB83B62}
		{336EB958-3A81-463E-BB61-A6241B1BAE6F} = {92A70C4A-A67B-45C7-94AF-86F2CAB83B62}
		{90F82510-777E-48AC-AEF2-D377A09448B5} = {92A70C4A-A67B-45C7-94AF-86F2CAB83B62}
	EndGlobalSection
	GlobalSection(ExtensibilityGlobals) = postSolution
		SolutionGuid = {8B405F9A-EA34-4B32-82E3-B1FE5CA5F91A}
	EndGlobalSection
EndGlobal
